
Microsoft Visual Studio Solution File, Format Version 12.00
# Visual Studio Version 17
VisualStudioVersion = 17.4.33205.214
MinimumVisualStudioVersion = 10.0.40219.1
Project("{FAE04EC0-301F-11D3-BF4B-00C04F79EFBC}") = "MenuListUserInterface", "MenuListUserInterface\MenuListUserInterface.csproj", "{93436070-32E6-4C90-A734-0F0B7CDF1039}"
EndProject
Project("{FAE04EC0-301F-11D3-BF4B-00C04F79EFBC}") = "MenuListModel", "MenuListModel\MenuListModel.csproj", "{2C9823AD-3A2C-4BCA-AA94-90C13124CFCE}"
EndProject
Project("{FAE04EC0-301F-11D3-BF4B-00C04F79EFBC}") = "MenuListDataLayer", "MenuListDataLayer\MenuListDataLayer.csproj", "{9A57D356-AF97-4DC6-B330-977D76F87DFC}"
EndProject
Project("{FAE04EC0-301F-11D3-BF4B-00C04F79EFBC}") = "MenuListBusinessLogic", "MenuListBusinessLogic\MenuListBusinessLogic.csproj", "{21595FD6-DA2D-46FB-965B-A4DB2FAAB11E}"
EndProject
Project("{FAE04EC0-301F-11D3-BF4B-00C04F79EFBC}") = "MenuListApi", "MenuListApi\MenuListApi.csproj", "{8B6E97AE-0079-4827-93EC-31FB853BDC76}"
EndProject
Global
	GlobalSection(SolutionConfigurationPlatforms) = preSolution
		Debug|Any CPU = Debug|Any CPU
		Release|Any CPU = Release|Any CPU
	EndGlobalSection
	GlobalSection(ProjectConfigurationPlatforms) = postSolution
		{93436070-32E6-4C90-A734-0F0B7CDF1039}.Debug|Any CPU.ActiveCfg = Debug|Any CPU
		{93436070-32E6-4C90-A734-0F0B7CDF1039}.Debug|Any CPU.Build.0 = Debug|Any CPU
		{93436070-32E6-4C90-A734-0F0B7CDF1039}.Release|Any CPU.ActiveCfg = Release|Any CPU
		{93436070-32E6-4C90-A734-0F0B7CDF1039}.Release|Any CPU.Build.0 = Release|Any CPU
		{2C9823AD-3A2C-4BCA-AA94-90C13124CFCE}.Debug|Any CPU.ActiveCfg = Debug|Any CPU
		{2C9823AD-3A2C-4BCA-AA94-90C13124CFCE}.Debug|Any CPU.Build.0 = Debug|Any CPU
		{2C9823AD-3A2C-4BCA-AA94-90C13124CFCE}.Release|Any CPU.ActiveCfg = Release|Any CPU
		{2C9823AD-3A2C-4BCA-AA94-90C13124CFCE}.Release|Any CPU.Build.0 = Release|Any CPU
		{9A57D356-AF97-4DC6-B330-977D76F87DFC}.Debug|Any CPU.ActiveCfg = Debug|Any CPU
		{9A57D356-AF97-4DC6-B330-977D76F87DFC}.Debug|Any CPU.Build.0 = Debug|Any CPU
		{9A57D356-AF97-4DC6-B330-977D76F87DFC}.Release|Any CPU.ActiveCfg = Release|Any CPU
		{9A57D356-AF97-4DC6-B330-977D76F87DFC}.Release|Any CPU.Build.0 = Release|Any CPU
		{21595FD6-DA2D-46FB-965B-A4DB2FAAB11E}.Debug|Any CPU.ActiveCfg = Debug|Any CPU
		{21595FD6-DA2D-46FB-965B-A4DB2FAAB11E}.Debug|Any CPU.Build.0 = Debug|Any CPU
		{21595FD6-DA2D-46FB-965B-A4DB2FAAB11E}.Release|Any CPU.ActiveCfg = Release|Any CPU
		{21595FD6-DA2D-46FB-965B-A4DB2FAAB11E}.Release|Any CPU.Build.0 = Release|Any CPU
		{8B6E97AE-0079-4827-93EC-31FB853BDC76}.Debug|Any CPU.ActiveCfg = Debug|Any CPU
		{8B6E97AE-0079-4827-93EC-31FB853BDC76}.Debug|Any CPU.Build.0 = Debug|Any CPU
		{8B6E97AE-0079-4827-93EC-31FB853BDC76}.Release|Any CPU.ActiveCfg = Release|Any CPU
		{8B6E97AE-0079-4827-93EC-31FB853BDC76}.Release|Any CPU.Build.0 = Release|Any CPU
	EndGlobalSection
	GlobalSection(SolutionProperties) = preSolution
		HideSolutionNode = FALSE
	EndGlobalSection
	GlobalSection(ExtensibilityGlobals) = postSolution
		SolutionGuid = {BD85DED9-BB35-4609-B83A-87FF460D4F80}
	EndGlobalSection
EndGlobal
